
Microsoft Visual Studio Solution File, Format Version 12.00
# Visual Studio Version 17
VisualStudioVersion = 17.5.002.0
MinimumVisualStudioVersion = 10.0.40219.1
Project("{9A19103F-16F7-4668-BE54-9A1E7A4F7556}") = "SortPhotosWithXmp.Cli", "SortPhotosWithXmp.Cli\SortPhotosWithXmp.Cli.csproj", "{1BB7FF16-46CA-4642-9428-FEC10354AFEB}"
EndProject
Project("{9A19103F-16F7-4668-BE54-9A1E7A4F7556}") = "SortPhotosWithXmp.Tests", "SortPhotosWithXmp.Tests\SortPhotosWithXmp.Tests.csproj", "{4E83FEEB-CC08-4573-8D5D-A26DA27853C4}"
EndProject
Project("{9A19103F-16F7-4668-BE54-9A1E7A4F7556}") = "SortPhotosWithXmp", "SortPhotosWithXmp\SortPhotosWithXmp.csproj", "{168A477E-5460-4EE9-9627-C0913A94CA64}"
EndProject
Global
	GlobalSection(SolutionConfigurationPlatforms) = preSolution
		Debug|Any CPU = Debug|Any CPU
		Release|Any CPU = Release|Any CPU
	EndGlobalSection
	GlobalSection(ProjectConfigurationPlatforms) = postSolution
		{1BB7FF16-46CA-4642-9428-FEC10354AFEB}.Debug|Any CPU.ActiveCfg = Debug|Any CPU
		{1BB7FF16-46CA-4642-9428-FEC10354AFEB}.Debug|Any CPU.Build.0 = Debug|Any CPU
		{1BB7FF16-46CA-4642-9428-FEC10354AFEB}.Release|Any CPU.ActiveCfg = Release|Any CPU
		{1BB7FF16-46CA-4642-9428-FEC10354AFEB}.Release|Any CPU.Build.0 = Release|Any CPU
		{4E83FEEB-CC08-4573-8D5D-A26DA27853C4}.Debug|Any CPU.ActiveCfg = Debug|Any CPU
		{4E83FEEB-CC08-4573-8D5D-A26DA27853C4}.Debug|Any CPU.Build.0 = Debug|Any CPU
		{4E83FEEB-CC08-4573-8D5D-A26DA27853C4}.Release|Any CPU.ActiveCfg = Release|Any CPU
		{4E83FEEB-CC08-4573-8D5D-A26DA27853C4}.Release|Any CPU.Build.0 = Release|Any CPU
		{168A477E-5460-4EE9-9627-C0913A94CA64}.Debug|Any CPU.ActiveCfg = Debug|Any CPU
		{168A477E-5460-4EE9-9627-C0913A94CA64}.Debug|Any CPU.Build.0 = Debug|Any CPU
		{168A477E-5460-4EE9-9627-C0913A94CA64}.Release|Any CPU.ActiveCfg = Release|Any CPU
		{168A477E-5460-4EE9-9627-C0913A94CA64}.Release|Any CPU.Build.0 = Release|Any CPU
	EndGlobalSection
	GlobalSection(SolutionProperties) = preSolution
		HideSolutionNode = FALSE
	EndGlobalSection
	GlobalSection(ExtensibilityGlobals) = postSolution
		SolutionGuid = {B58422D5-0595-4387-94D3-30D50E411FDA}
	EndGlobalSection
EndGlobal
